
Microsoft Visual Studio Solution File, Format Version 12.00
# Visual Studio Version 17
VisualStudioVersion = 17.9.34622.214
MinimumVisualStudioVersion = 10.0.40219.1
Project("{9A19103F-16F7-4668-BE54-9A1E7A4F7556}") = "WebApp", "WebApp\WebApp.csproj", "{769B92C6-7519-49A9-B038-C6E247A2228E}"
EndProject
Project("{9A19103F-16F7-4668-BE54-9A1E7A4F7556}") = "Infrastructure", "Infrastructure\Infrastructure.csproj", "{922E9E7E-3E49-4CBB-A2D8-E1E95D338EDE}"
EndProject
Global
	GlobalSection(SolutionConfigurationPlatforms) = preSolution
		Debug|Any CPU = Debug|Any CPU
		Release|Any CPU = Release|Any CPU
	EndGlobalSection
	GlobalSection(ProjectConfigurationPlatforms) = postSolution
		{769B92C6-7519-49A9-B038-C6E247A2228E}.Debug|Any CPU.ActiveCfg = Debug|Any CPU
		{769B92C6-7519-49A9-B038-C6E247A2228E}.Debug|Any CPU.Build.0 = Debug|Any CPU
		{769B92C6-7519-49A9-B038-C6E247A2228E}.Release|Any CPU.ActiveCfg = Release|Any CPU
		{769B92C6-7519-49A9-B038-C6E247A2228E}.Release|Any CPU.Build.0 = Release|Any CPU
		{922E9E7E-3E49-4CBB-A2D8-E1E95D338EDE}.Debug|Any CPU.ActiveCfg = Debug|Any CPU
		{922E9E7E-3E49-4CBB-A2D8-E1E95D338EDE}.Debug|Any CPU.Build.0 = Debug|Any CPU
		{922E9E7E-3E49-4CBB-A2D8-E1E95D338EDE}.Release|Any CPU.ActiveCfg = Release|Any CPU
		{922E9E7E-3E49-4CBB-A2D8-E1E95D338EDE}.Release|Any CPU.Build.0 = Release|Any CPU
	EndGlobalSection
	GlobalSection(SolutionProperties) = preSolution
		HideSolutionNode = FALSE
	EndGlobalSection
	GlobalSection(ExtensibilityGlobals) = postSolution
		SolutionGuid = {EE6E2845-8E42-48D9-A59D-35B1F316E5A0}
	EndGlobalSection
EndGlobal
