
Microsoft Visual Studio Solution File, Format Version 12.00
# Visual Studio Version 17
VisualStudioVersion = 17.9.34622.214
MinimumVisualStudioVersion = 10.0.40219.1
Project("{9A19103F-16F7-4668-BE54-9A1E7A4F7556}") = "SiliconAPI", "SiliconAPI\SiliconAPI.csproj", "{8941E20E-38B0-4669-9F9A-93E622BA6973}"
EndProject
Project("{FAE04EC0-301F-11D3-BF4B-00C04F79EFBC}") = "Infrastructure", "Infrastructure\Infrastructure.csproj", "{0A412B5A-2E66-4D5F-939C-3549A6F85C20}"
EndProject
Global
	GlobalSection(SolutionConfigurationPlatforms) = preSolution
		Debug|Any CPU = Debug|Any CPU
		Release|Any CPU = Release|Any CPU
	EndGlobalSection
	GlobalSection(ProjectConfigurationPlatforms) = postSolution
		{8941E20E-38B0-4669-9F9A-93E622BA6973}.Debug|Any CPU.ActiveCfg = Debug|Any CPU
		{8941E20E-38B0-4669-9F9A-93E622BA6973}.Debug|Any CPU.Build.0 = Debug|Any CPU
		{8941E20E-38B0-4669-9F9A-93E622BA6973}.Release|Any CPU.ActiveCfg = Release|Any CPU
		{8941E20E-38B0-4669-9F9A-93E622BA6973}.Release|Any CPU.Build.0 = Release|Any CPU
		{0A412B5A-2E66-4D5F-939C-3549A6F85C20}.Debug|Any CPU.ActiveCfg = Debug|Any CPU
		{0A412B5A-2E66-4D5F-939C-3549A6F85C20}.Debug|Any CPU.Build.0 = Debug|Any CPU
		{0A412B5A-2E66-4D5F-939C-3549A6F85C20}.Release|Any CPU.ActiveCfg = Release|Any CPU
		{0A412B5A-2E66-4D5F-939C-3549A6F85C20}.Release|Any CPU.Build.0 = Release|Any CPU
	EndGlobalSection
	GlobalSection(SolutionProperties) = preSolution
		HideSolutionNode = FALSE
	EndGlobalSection
	GlobalSection(ExtensibilityGlobals) = postSolution
		SolutionGuid = {53F99F5B-7FDB-440F-B80D-FE2C9E080546}
	EndGlobalSection
EndGlobal
